
Microsoft Visual Studio Solution File, Format Version 12.00
# Visual Studio Version 17
VisualStudioVersion = 17.7.34202.233
MinimumVisualStudioVersion = 10.0.40219.1
Project("{FAE04EC0-301F-11D3-BF4B-00C04F79EFBC}") = "MVCInvTI", "MVCInvTI\MVCInvTI.csproj", "{1EB3091F-164D-47BA-8CE0-C19A22E953F5}"
EndProject
Global
	GlobalSection(SolutionConfigurationPlatforms) = preSolution
		Debug|Any CPU = Debug|Any CPU
		Release|Any CPU = Release|Any CPU
	EndGlobalSection
	GlobalSection(ProjectConfigurationPlatforms) = postSolution
		{1EB3091F-164D-47BA-8CE0-C19A22E953F5}.Debug|Any CPU.ActiveCfg = Debug|Any CPU
		{1EB3091F-164D-47BA-8CE0-C19A22E953F5}.Debug|Any CPU.Build.0 = Debug|Any CPU
		{1EB3091F-164D-47BA-8CE0-C19A22E953F5}.Release|Any CPU.ActiveCfg = Release|Any CPU
		{1EB3091F-164D-47BA-8CE0-C19A22E953F5}.Release|Any CPU.Build.0 = Release|Any CPU
	EndGlobalSection
	GlobalSection(SolutionProperties) = preSolution
		HideSolutionNode = FALSE
	EndGlobalSection
	GlobalSection(ExtensibilityGlobals) = postSolution
		SolutionGuid = {3E07FBC3-D8DB-4BDD-B34E-029D509C003A}
	EndGlobalSection
EndGlobal
